
Microsoft Visual Studio Solution File, Format Version 12.00
# Visual Studio 14
VisualStudioVersion = 14.0.25420.1
MinimumVisualStudioVersion = 10.0.40219.1
Project("{FAE04EC0-301F-11D3-BF4B-00C04F79EFBC}") = "musecast", "musecast\musecast.csproj", "{FFB7D977-B70A-4435-90A1-7C451E7C3A29}"
EndProject
Project("{8BC9CEB8-8B4A-11D0-8D11-00A0C91BC942}") = "AudioCapture", "AudioCapture\AudioCapture.vcxproj", "{E993E6A2-9AD0-4C7C-8E8D-8F9C67F0C3F8}"
EndProject
Project("{FAE04EC0-301F-11D3-BF4B-00C04F79EFBC}") = "NAudioTest", "NAudioTest\NAudioTest.csproj", "{65754068-933E-42AF-8A1C-EE6F9A8E5201}"
EndProject
Project("{2150E333-8FDC-42A3-9474-1A3956D46DE8}") = "ThirdParty", "ThirdParty", "{42A7F31C-1D06-475A-9F31-E9C73C768723}"
EndProject
Project("{FAE04EC0-301F-11D3-BF4B-00C04F79EFBC}") = "yeti.mmedia", "ThirdParty\yeti.mmedia\yeti.mmedia.csproj", "{315EE7BF-EAE2-42C0-BFC6-CCA9160F3CFE}"
EndProject
Project("{FAE04EC0-301F-11D3-BF4B-00C04F79EFBC}") = "yeti.mp3", "ThirdParty\yeti.mp3\yeti.mp3.csproj", "{B564FD33-FA50-46B2-B669-2D83DE3AF5E4}"
EndProject
Project("{FAE04EC0-301F-11D3-BF4B-00C04F79EFBC}") = "DashCast", "DashCast\DashCast.csproj", "{32AF6358-36B2-4401-8F31-D66C993D6A17}"
EndProject
Project("{FAE04EC0-301F-11D3-BF4B-00C04F79EFBC}") = "MuseCastLib", "MuseCastLib\MuseCastLib.csproj", "{FAB1647D-8034-4B96-8751-C76848D84546}"
EndProject
Project("{FAE04EC0-301F-11D3-BF4B-00C04F79EFBC}") = "QSharp.Scheme.Buffering", "..\..\qsharp\QSharp\QSharp.Scheme.Buffering\QSharp.Scheme.Buffering.csproj", "{08BB66D5-F6A6-4698-90A8-9649EF54AAA5}"
EndProject
Project("{FAE04EC0-301F-11D3-BF4B-00C04F79EFBC}") = "QSharp.Scheme.Threading", "..\..\qsharp\QSharp\QSharp.Scheme.Threading\QSharp.Scheme.Threading.csproj", "{86C94EB4-AFA0-41E8-9771-93B615DCD28E}"
EndProject
Global
	GlobalSection(SolutionConfigurationPlatforms) = preSolution
		Debug|Any CPU = Debug|Any CPU
		Debug|x64 = Debug|x64
		Release|Any CPU = Release|Any CPU
		Release|x64 = Release|x64
	EndGlobalSection
	GlobalSection(ProjectConfigurationPlatforms) = postSolution
		{FFB7D977-B70A-4435-90A1-7C451E7C3A29}.Debug|Any CPU.ActiveCfg = Debug|Any CPU
		{FFB7D977-B70A-4435-90A1-7C451E7C3A29}.Debug|Any CPU.Build.0 = Debug|Any CPU
		{FFB7D977-B70A-4435-90A1-7C451E7C3A29}.Debug|x64.ActiveCfg = Debug|Any CPU
		{FFB7D977-B70A-4435-90A1-7C451E7C3A29}.Debug|x64.Build.0 = Debug|Any CPU
		{FFB7D977-B70A-4435-90A1-7C451E7C3A29}.Release|Any CPU.ActiveCfg = Release|Any CPU
		{FFB7D977-B70A-4435-90A1-7C451E7C3A29}.Release|Any CPU.Build.0 = Release|Any CPU
		{FFB7D977-B70A-4435-90A1-7C451E7C3A29}.Release|x64.ActiveCfg = Release|Any CPU
		{FFB7D977-B70A-4435-90A1-7C451E7C3A29}.Release|x64.Build.0 = Release|Any CPU
		{E993E6A2-9AD0-4C7C-8E8D-8F9C67F0C3F8}.Debug|Any CPU.ActiveCfg = Debug|Win32
		{E993E6A2-9AD0-4C7C-8E8D-8F9C67F0C3F8}.Debug|x64.ActiveCfg = Debug|x64
		{E993E6A2-9AD0-4C7C-8E8D-8F9C67F0C3F8}.Debug|x64.Build.0 = Debug|x64
		{E993E6A2-9AD0-4C7C-8E8D-8F9C67F0C3F8}.Release|Any CPU.ActiveCfg = Release|Win32
		{E993E6A2-9AD0-4C7C-8E8D-8F9C67F0C3F8}.Release|x64.ActiveCfg = Release|x64
		{E993E6A2-9AD0-4C7C-8E8D-8F9C67F0C3F8}.Release|x64.Build.0 = Release|x64
		{65754068-933E-42AF-8A1C-EE6F9A8E5201}.Debug|Any CPU.ActiveCfg = Debug|Any CPU
		{65754068-933E-42AF-8A1C-EE6F9A8E5201}.Debug|Any CPU.Build.0 = Debug|Any CPU
		{65754068-933E-42AF-8A1C-EE6F9A8E5201}.Debug|x64.ActiveCfg = Debug|Any CPU
		{65754068-933E-42AF-8A1C-EE6F9A8E5201}.Debug|x64.Build.0 = Debug|Any CPU
		{65754068-933E-42AF-8A1C-EE6F9A8E5201}.Release|Any CPU.ActiveCfg = Release|Any CPU
		{65754068-933E-42AF-8A1C-EE6F9A8E5201}.Release|Any CPU.Build.0 = Release|Any CPU
		{65754068-933E-42AF-8A1C-EE6F9A8E5201}.Release|x64.ActiveCfg = Release|Any CPU
		{65754068-933E-42AF-8A1C-EE6F9A8E5201}.Release|x64.Build.0 = Release|Any CPU
		{315EE7BF-EAE2-42C0-BFC6-CCA9160F3CFE}.Debug|Any CPU.ActiveCfg = Debug|Any CPU
		{315EE7BF-EAE2-42C0-BFC6-CCA9160F3CFE}.Debug|Any CPU.Build.0 = Debug|Any CPU
		{315EE7BF-EAE2-42C0-BFC6-CCA9160F3CFE}.Debug|x64.ActiveCfg = Debug|Any CPU
		{315EE7BF-EAE2-42C0-BFC6-CCA9160F3CFE}.Debug|x64.Build.0 = Debug|Any CPU
		{315EE7BF-EAE2-42C0-BFC6-CCA9160F3CFE}.Release|Any CPU.ActiveCfg = Release|Any CPU
		{315EE7BF-EAE2-42C0-BFC6-CCA9160F3CFE}.Release|Any CPU.Build.0 = Release|Any CPU
		{315EE7BF-EAE2-42C0-BFC6-CCA9160F3CFE}.Release|x64.ActiveCfg = Release|Any CPU
		{315EE7BF-EAE2-42C0-BFC6-CCA9160F3CFE}.Release|x64.Build.0 = Release|Any CPU
		{B564FD33-FA50-46B2-B669-2D83DE3AF5E4}.Debug|Any CPU.ActiveCfg = Debug|Any CPU
		{B564FD33-FA50-46B2-B669-2D83DE3AF5E4}.Debug|Any CPU.Build.0 = Debug|Any CPU
		{B564FD33-FA50-46B2-B669-2D83DE3AF5E4}.Debug|x64.ActiveCfg = Debug|Any CPU
		{B564FD33-FA50-46B2-B669-2D83DE3AF5E4}.Debug|x64.Build.0 = Debug|Any CPU
		{B564FD33-FA50-46B2-B669-2D83DE3AF5E4}.Release|Any CPU.ActiveCfg = Release|Any CPU
		{B564FD33-FA50-46B2-B669-2D83DE3AF5E4}.Release|Any CPU.Build.0 = Release|Any CPU
		{B564FD33-FA50-46B2-B669-2D83DE3AF5E4}.Release|x64.ActiveCfg = Release|Any CPU
		{B564FD33-FA50-46B2-B669-2D83DE3AF5E4}.Release|x64.Build.0 = Release|Any CPU
		{32AF6358-36B2-4401-8F31-D66C993D6A17}.Debug|Any CPU.ActiveCfg = Debug|Any CPU
		{32AF6358-36B2-4401-8F31-D66C993D6A17}.Debug|Any CPU.Build.0 = Debug|Any CPU
		{32AF6358-36B2-4401-8F31-D66C993D6A17}.Debug|x64.ActiveCfg = Debug|Any CPU
		{32AF6358-36B2-4401-8F31-D66C993D6A17}.Debug|x64.Build.0 = Debug|Any CPU
		{32AF6358-36B2-4401-8F31-D66C993D6A17}.Release|Any CPU.ActiveCfg = Release|Any CPU
		{32AF6358-36B2-4401-8F31-D66C993D6A17}.Release|Any CPU.Build.0 = Release|Any CPU
		{32AF6358-36B2-4401-8F31-D66C993D6A17}.Release|x64.ActiveCfg = Release|Any CPU
		{32AF6358-36B2-4401-8F31-D66C993D6A17}.Release|x64.Build.0 = Release|Any CPU
		{FAB1647D-8034-4B96-8751-C76848D84546}.Debug|Any CPU.ActiveCfg = Debug|Any CPU
		{FAB1647D-8034-4B96-8751-C76848D84546}.Debug|Any CPU.Build.0 = Debug|Any CPU
		{FAB1647D-8034-4B96-8751-C76848D84546}.Debug|x64.ActiveCfg = Debug|Any CPU
		{FAB1647D-8034-4B96-8751-C76848D84546}.Debug|x64.Build.0 = Debug|Any CPU
		{FAB1647D-8034-4B96-8751-C76848D84546}.Release|Any CPU.ActiveCfg = Release|Any CPU
		{FAB1647D-8034-4B96-8751-C76848D84546}.Release|Any CPU.Build.0 = Release|Any CPU
		{FAB1647D-8034-4B96-8751-C76848D84546}.Release|x64.ActiveCfg = Release|Any CPU
		{FAB1647D-8034-4B96-8751-C76848D84546}.Release|x64.Build.0 = Release|Any CPU
		{08BB66D5-F6A6-4698-90A8-9649EF54AAA5}.Debug|Any CPU.ActiveCfg = Debug|Any CPU
		{08BB66D5-F6A6-4698-90A8-9649EF54AAA5}.Debug|Any CPU.Build.0 = Debug|Any CPU
		{08BB66D5-F6A6-4698-90A8-9649EF54AAA5}.Debug|x64.ActiveCfg = Debug|Any CPU
		{08BB66D5-F6A6-4698-90A8-9649EF54AAA5}.Debug|x64.Build.0 = Debug|Any CPU
		{08BB66D5-F6A6-4698-90A8-9649EF54AAA5}.Release|Any CPU.ActiveCfg = Release|Any CPU
		{08BB66D5-F6A6-4698-90A8-9649EF54AAA5}.Release|Any CPU.Build.0 = Release|Any CPU
		{08BB66D5-F6A6-4698-90A8-9649EF54AAA5}.Release|x64.ActiveCfg = Release|Any CPU
		{08BB66D5-F6A6-4698-90A8-9649EF54AAA5}.Release|x64.Build.0 = Release|Any CPU
		{86C94EB4-AFA0-41E8-9771-93B615DCD28E}.Debug|Any CPU.ActiveCfg = Debug|Any CPU
		{86C94EB4-AFA0-41E8-9771-93B615DCD28E}.Debug|Any CPU.Build.0 = Debug|Any CPU
		{86C94EB4-AFA0-41E8-9771-93B615DCD28E}.Debug|x64.ActiveCfg = Debug|Any CPU
		{86C94EB4-AFA0-41E8-9771-93B615DCD28E}.Debug|x64.Build.0 = Debug|Any CPU
		{86C94EB4-AFA0-41E8-9771-93B615DCD28E}.Release|Any CPU.ActiveCfg = Release|Any CPU
		{86C94EB4-AFA0-41E8-9771-93B615DCD28E}.Release|Any CPU.Build.0 = Release|Any CPU
		{86C94EB4-AFA0-41E8-9771-93B615DCD28E}.Release|x64.ActiveCfg = Release|Any CPU
		{86C94EB4-AFA0-41E8-9771-93B615DCD28E}.Release|x64.Build.0 = Release|Any CPU
	EndGlobalSection
	GlobalSection(SolutionProperties) = preSolution
		HideSolutionNode = FALSE
	EndGlobalSection
	GlobalSection(NestedProjects) = preSolution
		{315EE7BF-EAE2-42C0-BFC6-CCA9160F3CFE} = {42A7F31C-1D06-475A-9F31-E9C73C768723}
		{B564FD33-FA50-46B2-B669-2D83DE3AF5E4} = {42A7F31C-1D06-475A-9F31-E9C73C768723}
	EndGlobalSection
EndGlobal
